
Microsoft Visual Studio Solution File, Format Version 12.00
# Visual Studio Version 16
VisualStudioVersion = 16.0.30330.147
MinimumVisualStudioVersion = 10.0.40219.1
Project("{FAE04EC0-301F-11D3-BF4B-00C04F79EFBC}") = "ByteBankExceptions", "ByteBankExceptions\ByteBankExceptions.csproj", "{1F0C550D-1F9F-4A59-B7BD-545189B8A7E2}"
EndProject
Project("{FAE04EC0-301F-11D3-BF4B-00C04F79EFBC}") = "ByteBankSistem", "ByteBankSistem\ByteBankSistem.csproj", "{FB4BEB3A-3986-42CC-A0DE-4CD1C982DD69}"
EndProject
Global
	GlobalSection(SolutionConfigurationPlatforms) = preSolution
		Debug|Any CPU = Debug|Any CPU
		Release|Any CPU = Release|Any CPU
	EndGlobalSection
	GlobalSection(ProjectConfigurationPlatforms) = postSolution
		{1F0C550D-1F9F-4A59-B7BD-545189B8A7E2}.Debug|Any CPU.ActiveCfg = Debug|Any CPU
		{1F0C550D-1F9F-4A59-B7BD-545189B8A7E2}.Debug|Any CPU.Build.0 = Debug|Any CPU
		{1F0C550D-1F9F-4A59-B7BD-545189B8A7E2}.Release|Any CPU.ActiveCfg = Release|Any CPU
		{1F0C550D-1F9F-4A59-B7BD-545189B8A7E2}.Release|Any CPU.Build.0 = Release|Any CPU
		{FB4BEB3A-3986-42CC-A0DE-4CD1C982DD69}.Debug|Any CPU.ActiveCfg = Debug|Any CPU
		{FB4BEB3A-3986-42CC-A0DE-4CD1C982DD69}.Debug|Any CPU.Build.0 = Debug|Any CPU
		{FB4BEB3A-3986-42CC-A0DE-4CD1C982DD69}.Release|Any CPU.ActiveCfg = Release|Any CPU
		{FB4BEB3A-3986-42CC-A0DE-4CD1C982DD69}.Release|Any CPU.Build.0 = Release|Any CPU
	EndGlobalSection
	GlobalSection(SolutionProperties) = preSolution
		HideSolutionNode = FALSE
	EndGlobalSection
	GlobalSection(ExtensibilityGlobals) = postSolution
		SolutionGuid = {8B8687EB-C909-4AAE-AF44-29A1E2BBDF4F}
	EndGlobalSection
EndGlobal
