
Microsoft Visual Studio Solution File, Format Version 12.00
# Visual Studio Version 16
VisualStudioVersion = 16.0.30330.147
MinimumVisualStudioVersion = 10.0.40219.1
Project("{FAE04EC0-301F-11D3-BF4B-00C04F79EFBC}") = "01-ByteBank", "01-ByteBank\01-ByteBank.csproj", "{07AE6335-2D50-4D99-B654-FE833B31B251}"
EndProject
Project("{FAE04EC0-301F-11D3-BF4B-00C04F79EFBC}") = "05-ByteBank", "02-ByteBank\05-ByteBank.csproj", "{D949ED81-0AA5-4842-BE9A-FA72DA083E2D}"
EndProject
Project("{FAE04EC0-301F-11D3-BF4B-00C04F79EFBC}") = "06-ByteBank", "06-ByteBank\06-ByteBank.csproj", "{61BF5975-1FA1-4CCA-8A05-09887DDEF7E2}"
EndProject
Project("{FAE04EC0-301F-11D3-BF4B-00C04F79EFBC}") = "07-ByteBank", "07-ByteBank\07-ByteBank.csproj", "{1F0C550D-1F9F-4A59-B7BD-545189B8A7E2}"
EndProject
Global
	GlobalSection(SolutionConfigurationPlatforms) = preSolution
		Debug|Any CPU = Debug|Any CPU
		Release|Any CPU = Release|Any CPU
	EndGlobalSection
	GlobalSection(ProjectConfigurationPlatforms) = postSolution
		{07AE6335-2D50-4D99-B654-FE833B31B251}.Debug|Any CPU.ActiveCfg = Debug|Any CPU
		{07AE6335-2D50-4D99-B654-FE833B31B251}.Debug|Any CPU.Build.0 = Debug|Any CPU
		{07AE6335-2D50-4D99-B654-FE833B31B251}.Release|Any CPU.ActiveCfg = Release|Any CPU
		{07AE6335-2D50-4D99-B654-FE833B31B251}.Release|Any CPU.Build.0 = Release|Any CPU
		{D949ED81-0AA5-4842-BE9A-FA72DA083E2D}.Debug|Any CPU.ActiveCfg = Debug|Any CPU
		{D949ED81-0AA5-4842-BE9A-FA72DA083E2D}.Debug|Any CPU.Build.0 = Debug|Any CPU
		{D949ED81-0AA5-4842-BE9A-FA72DA083E2D}.Release|Any CPU.ActiveCfg = Release|Any CPU
		{D949ED81-0AA5-4842-BE9A-FA72DA083E2D}.Release|Any CPU.Build.0 = Release|Any CPU
		{61BF5975-1FA1-4CCA-8A05-09887DDEF7E2}.Debug|Any CPU.ActiveCfg = Debug|Any CPU
		{61BF5975-1FA1-4CCA-8A05-09887DDEF7E2}.Debug|Any CPU.Build.0 = Debug|Any CPU
		{61BF5975-1FA1-4CCA-8A05-09887DDEF7E2}.Release|Any CPU.ActiveCfg = Release|Any CPU
		{61BF5975-1FA1-4CCA-8A05-09887DDEF7E2}.Release|Any CPU.Build.0 = Release|Any CPU
		{1F0C550D-1F9F-4A59-B7BD-545189B8A7E2}.Debug|Any CPU.ActiveCfg = Debug|Any CPU
		{1F0C550D-1F9F-4A59-B7BD-545189B8A7E2}.Debug|Any CPU.Build.0 = Debug|Any CPU
		{1F0C550D-1F9F-4A59-B7BD-545189B8A7E2}.Release|Any CPU.ActiveCfg = Release|Any CPU
		{1F0C550D-1F9F-4A59-B7BD-545189B8A7E2}.Release|Any CPU.Build.0 = Release|Any CPU
	EndGlobalSection
	GlobalSection(SolutionProperties) = preSolution
		HideSolutionNode = FALSE
	EndGlobalSection
	GlobalSection(ExtensibilityGlobals) = postSolution
		SolutionGuid = {8B8687EB-C909-4AAE-AF44-29A1E2BBDF4F}
	EndGlobalSection
EndGlobal
